<Solution>
  <Project Path="WorkoutPlaner.Core/WorkoutPlaner.Core.csproj" Id="d7776eff-2d1b-4508-a534-afc852d07a3e" />
  <Project Path="WorkoutPlaner.Data/WorkoutPlaner.Data.csproj" Id="ba484c60-2602-4342-9f25-c24fe1d21f33" />
  <Project Path="WorkoutPlaner.Gui/WorkoutPlaner.Gui.csproj" />
</Solution>
